<?xml version="1.0" encoding="utf-8"?>
<Project ToolsVersion="4.0" xmlns="http://schemas.microsoft.com/developer/msbuild/2003">
  <ItemGroup>
    <Filter Include="Source Files">
      <UniqueIdentifier>{4FC737F1-C7A5-4376-A066-2A32D752A2FF}</UniqueIdentifier>
      <Extensions>cpp;c;cc;cxx;c++;cppm;ixx;def;odl;idl;hpj;bat;asm;asmx</Extensions>
    </Filter>
    <Filter Include="Header Files">
      <UniqueIdentifier>{93995380-89BD-4b04-88EB-625FBE52EBFB}</UniqueIdentifier>
      <Extensions>h;hh;hpp;hxx;h++;hm;inl;inc;ipp;xsd</Extensions>
    </Filter>
    <Filter Include="Resource Files">
      <UniqueIdentifier>{67DA6AB6-F800-4c08-8B7A-83BB121AAD01}</UniqueIdentifier>
      <Extensions>rc;ico;cur;bmp;dlg;rc2;rct;bin;rgs;gif;jpg;jpeg;jpe;resx;tiff;tif;png;wav;mfcribbon-ms</Extensions>
    </Filter>
  </ItemGroup>
  <ItemGroup>
    <ClInclude Include="Linear\ArrayBasedList.h">
      <Filter>Header Files</Filter>
    </ClInclude>
    <ClInclude Include="Linear\ClsMyQueue.h">
      <Filter>Header Files</Filter>
    </ClInclude>
    <ClInclude Include="Linear\ClsMyQueueArr.h">
      <Filter>Header Files</Filter>
    </ClInclude>
    <ClInclude Include="Linear\ClsMyStack.h">
      <Filter>Header Files</Filter>
    </ClInclude>
    <ClInclude Include="Linear\ClsMyStackArr.h">
      <Filter>Header Files</Filter>
    </ClInclude>
    <ClInclude Include="Linear\DoublyLinkedList.h">
      <Filter>Header Files</Filter>
    </ClInclude>
    <ClInclude Include="Linear\LinkedList.h">
      <Filter>Header Files</Filter>
    </ClInclude>
    <ClInclude Include="Linear\PriorityQueue.h">
      <Filter>Header Files</Filter>
    </ClInclude>
    <ClInclude Include="Linear\Queue.h">
      <Filter>Header Files</Filter>
    </ClInclude>
    <ClInclude Include="Linear\QueueUsingArray.h">
      <Filter>Header Files</Filter>
    </ClInclude>
    <ClInclude Include="Linear\Stack.h">
      <Filter>Header Files</Filter>
    </ClInclude>
    <ClInclude Include="Linear\StackUsingArray.h">
      <Filter>Header Files</Filter>
    </ClInclude>
    <ClInclude Include="Graphs\GraphUseAdjacencyList.h">
      <Filter>Header Files</Filter>
    </ClInclude>
    <ClInclude Include="Graphs\GraphUseAdjacencyMatrix.h">
      <Filter>Header Files</Filter>
    </ClInclude>
    <ClInclude Include="Graphs\GraphUseIncidenceMatrix.h">
      <Filter>Header Files</Filter>
    </ClInclude>
    <ClInclude Include="MyLibrary\clsDate.h">
      <Filter>Header Files</Filter>
    </ClInclude>
    <ClInclude Include="MyLibrary\clsInput.h">
      <Filter>Header Files</Filter>
    </ClInclude>
    <ClInclude Include="MyLibrary\clsString.h">
      <Filter>Header Files</Filter>
    </ClInclude>
    <ClInclude Include="MyLibrary\clsUtil.h">
      <Filter>Header Files</Filter>
    </ClInclude>
    <ClInclude Include="MyLibrary\clsValidate.h">
      <Filter>Header Files</Filter>
    </ClInclude>
    <ClInclude Include="Trees\AVLTree.h">
      <Filter>Header Files</Filter>
    </ClInclude>
    <ClInclude Include="Trees\BinarySearchTree.h">
      <Filter>Header Files</Filter>
    </ClInclude>
    <ClInclude Include="Trees\BPlusTree.h">
      <Filter>Header Files</Filter>
    </ClInclude>
    <ClInclude Include="Trees\BPlusTree_Correct.h">
      <Filter>Header Files</Filter>
    </ClInclude>
    <ClInclude Include="Trees\BPlusTree_Correct_Update.h">
      <Filter>Header Files</Filter>
    </ClInclude>
    <ClInclude Include="Trees\BTree.h">
      <Filter>Header Files</Filter>
    </ClInclude>
    <ClInclude Include="Trees\BTree_Correct.h">
      <Filter>Header Files</Filter>
    </ClInclude>
    <ClInclude Include="Trees\BTree_Correct_Update.h">
      <Filter>Header Files</Filter>
    </ClInclude>
    <ClInclude Include="Trees\HuffmanTree.h">
      <Filter>Header Files</Filter>
    </ClInclude>
    <ClInclude Include="Trees\RedBlackTree.h">
      <Filter>Header Files</Filter>
    </ClInclude>
    <ClInclude Include="HashTables\HashTableOpenHashing.h">
      <Filter>Header Files</Filter>
    </ClInclude>
    <ClInclude Include="HashTables\HashTableCloseHashing.h">
      <Filter>Header Files</Filter>
    </ClInclude>
    <ClInclude Include="HashTables\HashTableRobinHoodHashing.h">
      <Filter>Header Files</Filter>
    </ClInclude>
    <ClInclude Include="HashTables\HashTableCuckooHashing.h">
      <Filter>Header Files</Filter>
    </ClInclude>
    <ClInclude Include="HashTables\HashTableCoalescedHashing.h">
      <Filter>Header Files</Filter>
    </ClInclude>
    <ClInclude Include="HashTables\HashTablePerfectHashing.h">
      <Filter>Header Files</Filter>
    </ClInclude>
  </ItemGroup>
</Project>